
Microsoft Visual Studio Solution File, Format Version 12.00
# Visual Studio Version 16
VisualStudioVersion = 16.0.808.4
MinimumVisualStudioVersion = 10.0.40219.1
Project("{FAE04EC0-301F-11D3-BF4B-00C04F79EFBC}") = "FFWidgetService", "FFWidgetService\FFWidgetService.csproj", "{AE5E4E36-E0E6-452C-A1C7-0C1DB15A9DE9}"
EndProject
Global
	GlobalSection(SolutionConfigurationPlatforms) = preSolution
		Debug|Any CPU = Debug|Any CPU
		Release|Any CPU = Release|Any CPU
	EndGlobalSection
	GlobalSection(ProjectConfigurationPlatforms) = postSolution
		{AE5E4E36-E0E6-452C-A1C7-0C1DB15A9DE9}.Debug|Any CPU.ActiveCfg = Debug|Any CPU
		{AE5E4E36-E0E6-452C-A1C7-0C1DB15A9DE9}.Debug|Any CPU.Build.0 = Debug|Any CPU
		{AE5E4E36-E0E6-452C-A1C7-0C1DB15A9DE9}.Release|Any CPU.ActiveCfg = Release|Any CPU
		{AE5E4E36-E0E6-452C-A1C7-0C1DB15A9DE9}.Release|Any CPU.Build.0 = Release|Any CPU
	EndGlobalSection
	GlobalSection(SolutionProperties) = preSolution
		HideSolutionNode = FALSE
	EndGlobalSection
	GlobalSection(ExtensibilityGlobals) = postSolution
		SolutionGuid = {AC524965-B20C-46E9-926E-E9C8289DEE7B}
	EndGlobalSection
EndGlobal
